
Microsoft Visual Studio Solution File, Format Version 12.00
# Visual Studio 15
VisualStudioVersion = 15.0.28010.2036
MinimumVisualStudioVersion = 10.0.40219.1
Project("{FAE04EC0-301F-11D3-BF4B-00C04F79EFBC}") = "DemoCanvasUWP.UWP", "DemoCanvasUWP\DemoCanvasUWP.UWP\DemoCanvasUWP.UWP.csproj", "{40B9A58E-6EFC-42BD-9E3A-A71C181D99E1}"
EndProject
Project("{FAE04EC0-301F-11D3-BF4B-00C04F79EFBC}") = "DemoCanvasUWP", "DemoCanvasUWP\DemoCanvasUWP\DemoCanvasUWP.csproj", "{F57E6A8E-C2C0-4A6F-A4A5-5CD7311D5E52}"
EndProject
Global
	GlobalSection(SolutionConfigurationPlatforms) = preSolution
		Debug|Any CPU = Debug|Any CPU
		Debug|ARM = Debug|ARM
		Debug|x64 = Debug|x64
		Debug|x86 = Debug|x86
		Release|Any CPU = Release|Any CPU
		Release|ARM = Release|ARM
		Release|x64 = Release|x64
		Release|x86 = Release|x86
	EndGlobalSection
	GlobalSection(ProjectConfigurationPlatforms) = postSolution
		{40B9A58E-6EFC-42BD-9E3A-A71C181D99E1}.Debug|Any CPU.ActiveCfg = Debug|x86
		{40B9A58E-6EFC-42BD-9E3A-A71C181D99E1}.Debug|Any CPU.Build.0 = Debug|x86
		{40B9A58E-6EFC-42BD-9E3A-A71C181D99E1}.Debug|Any CPU.Deploy.0 = Debug|x86
		{40B9A58E-6EFC-42BD-9E3A-A71C181D99E1}.Debug|ARM.ActiveCfg = Debug|ARM
		{40B9A58E-6EFC-42BD-9E3A-A71C181D99E1}.Debug|ARM.Build.0 = Debug|ARM
		{40B9A58E-6EFC-42BD-9E3A-A71C181D99E1}.Debug|ARM.Deploy.0 = Debug|ARM
		{40B9A58E-6EFC-42BD-9E3A-A71C181D99E1}.Debug|x64.ActiveCfg = Debug|x64
		{40B9A58E-6EFC-42BD-9E3A-A71C181D99E1}.Debug|x64.Build.0 = Debug|x64
		{40B9A58E-6EFC-42BD-9E3A-A71C181D99E1}.Debug|x64.Deploy.0 = Debug|x64
		{40B9A58E-6EFC-42BD-9E3A-A71C181D99E1}.Debug|x86.ActiveCfg = Debug|x86
		{40B9A58E-6EFC-42BD-9E3A-A71C181D99E1}.Debug|x86.Build.0 = Debug|x86
		{40B9A58E-6EFC-42BD-9E3A-A71C181D99E1}.Debug|x86.Deploy.0 = Debug|x86
		{40B9A58E-6EFC-42BD-9E3A-A71C181D99E1}.Release|Any CPU.ActiveCfg = Release|x86
		{40B9A58E-6EFC-42BD-9E3A-A71C181D99E1}.Release|Any CPU.Build.0 = Release|x86
		{40B9A58E-6EFC-42BD-9E3A-A71C181D99E1}.Release|Any CPU.Deploy.0 = Release|x86
		{40B9A58E-6EFC-42BD-9E3A-A71C181D99E1}.Release|ARM.ActiveCfg = Release|ARM
		{40B9A58E-6EFC-42BD-9E3A-A71C181D99E1}.Release|ARM.Build.0 = Release|ARM
		{40B9A58E-6EFC-42BD-9E3A-A71C181D99E1}.Release|ARM.Deploy.0 = Release|ARM
		{40B9A58E-6EFC-42BD-9E3A-A71C181D99E1}.Release|x64.ActiveCfg = Release|x64
		{40B9A58E-6EFC-42BD-9E3A-A71C181D99E1}.Release|x64.Build.0 = Release|x64
		{40B9A58E-6EFC-42BD-9E3A-A71C181D99E1}.Release|x64.Deploy.0 = Release|x64
		{40B9A58E-6EFC-42BD-9E3A-A71C181D99E1}.Release|x86.ActiveCfg = Release|x86
		{40B9A58E-6EFC-42BD-9E3A-A71C181D99E1}.Release|x86.Build.0 = Release|x86
		{40B9A58E-6EFC-42BD-9E3A-A71C181D99E1}.Release|x86.Deploy.0 = Release|x86
		{F57E6A8E-C2C0-4A6F-A4A5-5CD7311D5E52}.Debug|Any CPU.ActiveCfg = Debug|Any CPU
		{F57E6A8E-C2C0-4A6F-A4A5-5CD7311D5E52}.Debug|Any CPU.Build.0 = Debug|Any CPU
		{F57E6A8E-C2C0-4A6F-A4A5-5CD7311D5E52}.Debug|Any CPU.Deploy.0 = Debug|Any CPU
		{F57E6A8E-C2C0-4A6F-A4A5-5CD7311D5E52}.Debug|ARM.ActiveCfg = Debug|Any CPU
		{F57E6A8E-C2C0-4A6F-A4A5-5CD7311D5E52}.Debug|ARM.Build.0 = Debug|Any CPU
		{F57E6A8E-C2C0-4A6F-A4A5-5CD7311D5E52}.Debug|ARM.Deploy.0 = Debug|Any CPU
		{F57E6A8E-C2C0-4A6F-A4A5-5CD7311D5E52}.Debug|x64.ActiveCfg = Debug|Any CPU
		{F57E6A8E-C2C0-4A6F-A4A5-5CD7311D5E52}.Debug|x64.Build.0 = Debug|Any CPU
		{F57E6A8E-C2C0-4A6F-A4A5-5CD7311D5E52}.Debug|x64.Deploy.0 = Debug|Any CPU
		{F57E6A8E-C2C0-4A6F-A4A5-5CD7311D5E52}.Debug|x86.ActiveCfg = Debug|Any CPU
		{F57E6A8E-C2C0-4A6F-A4A5-5CD7311D5E52}.Debug|x86.Build.0 = Debug|Any CPU
		{F57E6A8E-C2C0-4A6F-A4A5-5CD7311D5E52}.Debug|x86.Deploy.0 = Debug|Any CPU
		{F57E6A8E-C2C0-4A6F-A4A5-5CD7311D5E52}.Release|Any CPU.ActiveCfg = Release|Any CPU
		{F57E6A8E-C2C0-4A6F-A4A5-5CD7311D5E52}.Release|Any CPU.Build.0 = Release|Any CPU
		{F57E6A8E-C2C0-4A6F-A4A5-5CD7311D5E52}.Release|Any CPU.Deploy.0 = Release|Any CPU
		{F57E6A8E-C2C0-4A6F-A4A5-5CD7311D5E52}.Release|ARM.ActiveCfg = Release|Any CPU
		{F57E6A8E-C2C0-4A6F-A4A5-5CD7311D5E52}.Release|ARM.Build.0 = Release|Any CPU
		{F57E6A8E-C2C0-4A6F-A4A5-5CD7311D5E52}.Release|ARM.Deploy.0 = Release|Any CPU
		{F57E6A8E-C2C0-4A6F-A4A5-5CD7311D5E52}.Release|x64.ActiveCfg = Release|Any CPU
		{F57E6A8E-C2C0-4A6F-A4A5-5CD7311D5E52}.Release|x64.Build.0 = Release|Any CPU
		{F57E6A8E-C2C0-4A6F-A4A5-5CD7311D5E52}.Release|x64.Deploy.0 = Release|Any CPU
		{F57E6A8E-C2C0-4A6F-A4A5-5CD7311D5E52}.Release|x86.ActiveCfg = Release|Any CPU
		{F57E6A8E-C2C0-4A6F-A4A5-5CD7311D5E52}.Release|x86.Build.0 = Release|Any CPU
		{F57E6A8E-C2C0-4A6F-A4A5-5CD7311D5E52}.Release|x86.Deploy.0 = Release|Any CPU
	EndGlobalSection
	GlobalSection(SolutionProperties) = preSolution
		HideSolutionNode = FALSE
	EndGlobalSection
	GlobalSection(ExtensibilityGlobals) = postSolution
		SolutionGuid = {BA811E57-49EF-46B6-AB9D-B126998154FA}
	EndGlobalSection
EndGlobal
